// !$*UTF8*$!
{
	archiveVersion = 1;
	classes = {
	};
	objectVersion = 46;
	objects = {

/* Begin PBXBuildFile section */
		25B3AF3A1C8FF84345E1C1DF /* Pods_Eventure.framework in Frameworks */ = {isa = PBXBuildFile; fileRef = D7ADB3268F6CCA88C21BB984 /* Pods_Eventure.framework */; };
		265ED5131E110A40002BFE96 /* AppDelegate.swift in Sources */ = {isa = PBXBuildFile; fileRef = 265ED5121E110A40002BFE96 /* AppDelegate.swift */; };
		265ED5151E110A40002BFE96 /* ViewController.swift in Sources */ = {isa = PBXBuildFile; fileRef = 265ED5141E110A40002BFE96 /* ViewController.swift */; };
		265ED5181E110A40002BFE96 /* Main.storyboard in Resources */ = {isa = PBXBuildFile; fileRef = 265ED5161E110A40002BFE96 /* Main.storyboard */; };
		265ED51A1E110A40002BFE96 /* Assets.xcassets in Resources */ = {isa = PBXBuildFile; fileRef = 265ED5191E110A40002BFE96 /* Assets.xcassets */; };
		265ED51D1E110A40002BFE96 /* LaunchScreen.storyboard in Resources */ = {isa = PBXBuildFile; fileRef = 265ED51B1E110A40002BFE96 /* LaunchScreen.storyboard */; };
		265ED5271E110A9E002BFE96 /* GoogleService-Info.plist in Resources */ = {isa = PBXBuildFile; fileRef = 265ED5261E110A9E002BFE96 /* GoogleService-Info.plist */; };
/* End PBXBuildFile section */

/* Begin PBXFileReference section */
		265ED50F1E110A40002BFE96 /* Eventure.app */ = {isa = PBXFileReference; explicitFileType = wrapper.application; includeInIndex = 0; path = Eventure.app; sourceTree = BUILT_PRODUCTS_DIR; };
		265ED5121E110A40002BFE96 /* AppDelegate.swift */ = {isa = PBXFileReference; lastKnownFileType = sourcecode.swift; path = AppDelegate.swift; sourceTree = "<group>"; };
		265ED5141E110A40002BFE96 /* ViewController.swift */ = {isa = PBXFileReference; lastKnownFileType = sourcecode.swift; path = ViewController.swift; sourceTree = "<group>"; };
		265ED5171E110A40002BFE96 /* Base */ = {isa = PBXFileReference; lastKnownFileType = file.storyboard; name = Base; path = Base.lproj/Main.storyboard; sourceTree = "<group>"; };
		265ED5191E110A40002BFE96 /* Assets.xcassets */ = {isa = PBXFileReference; lastKnownFileType = folder.assetcatalog; path = Assets.xcassets; sourceTree = "<group>"; };
		265ED51C1E110A40002BFE96 /* Base */ = {isa = PBXFileReference; lastKnownFileType = file.storyboard; name = Base; path = Base.lproj/LaunchScreen.storyboard; sourceTree = "<group>"; };
		265ED51E1E110A40002BFE96 /* Info.plist */ = {isa = PBXFileReference; lastKnownFileType = text.plist.xml; path = Info.plist; sourceTree = "<group>"; };
		265ED5261E110A9E002BFE96 /* GoogleService-Info.plist */ = {isa = PBXFileReference; fileEncoding = 4; lastKnownFileType = text.plist.xml; path = "GoogleService-Info.plist"; sourceTree = "<group>"; };
		B54FE91132F1524BC49CCE8A /* Pods-Eventure.debug.xcconfig */ = {isa = PBXFileReference; includeInIndex = 1; lastKnownFileType = text.xcconfig; name = "Pods-Eventure.debug.xcconfig"; path = "Pods/Target Support Files/Pods-Eventure/Pods-Eventure.debug.xcconfig"; sourceTree = "<group>"; };
		BFA310928EB0D7AC46EADEFE /* Pods-Eventure.release.xcconfig */ = {isa = PBXFileReference; includeInIndex = 1; lastKnownFileType = text.xcconfig; name = "Pods-Eventure.release.xcconfig"; path = "Pods/Target Support Files/Pods-Eventure/Pods-Eventure.release.xcconfig"; sourceTree = "<group>"; };
		D7ADB3268F6CCA88C21BB984 /* Pods_Eventure.framework */ = {isa = PBXFileReference; explicitFileType = wrapper.framework; includeInIndex = 0; path = Pods_Eventure.framework; sourceTree = BUILT_PRODUCTS_DIR; };
/* End PBXFileReference section */

/* Begin PBXFrameworksBuildPhase section */
		265ED50C1E110A3F002BFE96 /* Frameworks */ = {
			isa = PBXFrameworksBuildPhase;
			buildActionMask = 2147483647;
			files = (
				25B3AF3A1C8FF84345E1C1DF /* Pods_Eventure.framework in Frameworks */,
			);
			runOnlyForDeploymentPostprocessing = 0;
		};
/* End PBXFrameworksBuildPhase section */

/* Begin PBXGroup section */
		265ED5061E110A3F002BFE96 = {
			isa = PBXGroup;
			children = (
				265ED5111E110A40002BFE96 /* Eventure */,
				265ED5101E110A40002BFE96 /* Products */,
				AD9690B78D68D0E9A0F74FD4 /* Pods */,
				97D1DAB4A70119B34E5590D5 /* Frameworks */,
			);
			sourceTree = "<group>";
		};
		265ED5101E110A40002BFE96 /* Products */ = {
			isa = PBXGroup;
			children = (
				265ED50F1E110A40002BFE96 /* Eventure.app */,
			);
			name = Products;
			sourceTree = "<group>";
		};
		265ED5111E110A40002BFE96 /* Eventure */ = {
			isa = PBXGroup;
			children = (
				265ED5121E110A40002BFE96 /* AppDelegate.swift */,
				265ED5141E110A40002BFE96 /* ViewController.swift */,
				265ED5161E110A40002BFE96 /* Main.storyboard */,
				265ED5191E110A40002BFE96 /* Assets.xcassets */,
				265ED51B1E110A40002BFE96 /* LaunchScreen.storyboard */,
				265ED5261E110A9E002BFE96 /* GoogleService-Info.plist */,
				265ED51E1E110A40002BFE96 /* Info.plist */,
			);
			path = Eventure;
			sourceTree = "<group>";
		};
		97D1DAB4A70119B34E5590D5 /* Frameworks */ = {
			isa = PBXGroup;
			children = (
				D7ADB3268F6CCA88C21BB984 /* Pods_Eventure.framework */,
			);
			name = Frameworks;
			sourceTree = "<group>";
		};
		AD9690B78D68D0E9A0F74FD4 /* Pods */ = {
			isa = PBXGroup;
			children = (
				B54FE91132F1524BC49CCE8A /* Pods-Eventure.debug.xcconfig */,
				BFA310928EB0D7AC46EADEFE /* Pods-Eventure.release.xcconfig */,
			);
			name = Pods;
			sourceTree = "<group>";
		};
/* End PBXGroup section */

/* Begin PBXNativeTarget section */
		265ED50E1E110A3F002BFE96 /* Eventure */ = {
			isa = PBXNativeTarget;
			buildConfigurationList = 265ED5211E110A40002BFE96 /* Build configuration list for PBXNativeTarget "Eventure" */;
			buildPhases = (
				CF685BD11E0D1FC02683F64E /* [CP] Check Pods Manifest.lock */,
				265ED50B1E110A3F002BFE96 /* Sources */,
				265ED50C1E110A3F002BFE96 /* Frameworks */,
				265ED50D1E110A3F002BFE96 /* Resources */,
				D68B01FFDCA3E4FB81D89602 /* [CP] Embed Pods Frameworks */,
				E0C6EDF59C143A2CE21FB4DF /* [CP] Copy Pods Resources */,
			);
			buildRules = (
			);
			dependencies = (
			);
			name = Eventure;
			productName = Eventure;
			productReference = 265ED50F1E110A40002BFE96 /* Eventure.app */;
			productType = "com.apple.product-type.application";
		};
/* End PBXNativeTarget section */

/* Begin PBXProject section */
		265ED5071E110A3F002BFE96 /* Project object */ = {
			isa = PBXProject;
			attributes = {
				LastSwiftUpdateCheck = 0800;
				LastUpgradeCheck = 0800;
				ORGANIZATIONNAME = "Mukhamed Issa";
				TargetAttributes = {
					265ED50E1E110A3F002BFE96 = {
						CreatedOnToolsVersion = 8.0;
						ProvisioningStyle = Automatic;
					};
				};
			};
			buildConfigurationList = 265ED50A1E110A3F002BFE96 /* Build configuration list for PBXProject "Eventure" */;
			compatibilityVersion = "Xcode 3.2";
			developmentRegion = English;
			hasScannedForEncodings = 0;
			knownRegions = (
				en,
				Base,
			);
			mainGroup = 265ED5061E110A3F002BFE96;
			productRefGroup = 265ED5101E110A40002BFE96 /* Products */;
			projectDirPath = "";
			projectRoot = "";
			targets = (
				265ED50E1E110A3F002BFE96 /* Eventure */,
			);
		};
/* End PBXProject section */

/* Begin PBXResourcesBuildPhase section */
		265ED50D1E110A3F002BFE96 /* Resources */ = {
			isa = PBXResourcesBuildPhase;
			buildActionMask = 2147483647;
			files = (
				265ED51D1E110A40002BFE96 /* LaunchScreen.storyboard in Resources */,
				265ED5271E110A9E002BFE96 /* GoogleService-Info.plist in Resources */,
				265ED51A1E110A40002BFE96 /* Assets.xcassets in Resources */,
				265ED5181E110A40002BFE96 /* Main.storyboard in Resources */,
			);
			runOnlyForDeploymentPostprocessing = 0;
		};
/* End PBXResourcesBuildPhase section */

/* Begin PBXShellScriptBuildPhase section */
		CF685BD11E0D1FC02683F64E /* [CP] Check Pods Manifest.lock */ = {
			isa = PBXShellScriptBuildPhase;
			buildActionMask = 2147483647;
			files = (
			);
			inputPaths = (
			);
			name = "[CP] Check Pods Manifest.lock";
			outputPaths = (
			);
			runOnlyForDeploymentPostprocessing = 0;
			shellPath = /bin/sh;
			shellScript = "diff \"${PODS_ROOT}/../Podfile.lock\" \"${PODS_ROOT}/Manifest.lock\" > /dev/null\nif [ $? != 0 ] ; then\n    # print error to STDERR\n    echo \"error: The sandbox is not in sync with the Podfile.lock. Run 'pod install' or update your CocoaPods installation.\" >&2\n    exit 1\nfi\n";
			showEnvVarsInLog = 0;
		};
		D68B01FFDCA3E4FB81D89602 /* [CP] Embed Pods Frameworks */ = {
			isa = PBXShellScriptBuildPhase;
			buildActionMask = 2147483647;
			files = (
			);
			inputPaths = (
			);
			name = "[CP] Embed Pods Frameworks";
			outputPaths = (
			);
			runOnlyForDeploymentPostprocessing = 0;
			shellPath = /bin/sh;
			shellScript = "\"${SRCROOT}/Pods/Target Support Files/Pods-Eventure/Pods-Eventure-frameworks.sh\"\n";
			showEnvVarsInLog = 0;
		};
		E0C6EDF59C143A2CE21FB4DF /* [CP] Copy Pods Resources */ = {
			isa = PBXShellScriptBuildPhase;
			buildActionMask = 2147483647;
			files = (
			);
			inputPaths = (
			);
			name = "[CP] Copy Pods Resources";
			outputPaths = (
			);
			runOnlyForDeploymentPostprocessing = 0;
			shellPath = /bin/sh;
			shellScript = "\"${SRCROOT}/Pods/Target Support Files/Pods-Eventure/Pods-Eventure-resources.sh\"\n";
			showEnvVarsInLog = 0;
		};
/* End PBXShellScriptBuildPhase section */

/* Begin PBXSourcesBuildPhase section */
		265ED50B1E110A3F002BFE96 /* Sources */ = {
			isa = PBXSourcesBuildPhase;
			buildActionMask = 2147483647;
			files = (
				265ED5151E110A40002BFE96 /* ViewController.swift in Sources */,
				265ED5131E110A40002BFE96 /* AppDelegate.swift in Sources */,
			);
			runOnlyForDeploymentPostprocessing = 0;
		};
/* End PBXSourcesBuildPhase section */

/* Begin PBXVariantGroup section */
		265ED5161E110A40002BFE96 /* Main.storyboard */ = {
			isa = PBXVariantGroup;
			children = (
				265ED5171E110A40002BFE96 /* Base */,
			);
			name = Main.storyboard;
			sourceTree = "<group>";
		};
		265ED51B1E110A40002BFE96 /* LaunchScreen.storyboard */ = {
			isa = PBXVariantGroup;
			children = (
				265ED51C1E110A40002BFE96 /* Base */,
			);
			name = LaunchScreen.storyboard;
			sourceTree = "<group>";
		};
/* End PBXVariantGroup section */

/* Begin XCBuildConfiguration section */
		265ED51F1E110A40002BFE96 /* Debug */ = {
			isa = XCBuildConfiguration;
			buildSettings = {
				ALWAYS_SEARCH_USER_PATHS = NO;
				CLANG_ANALYZER_NONNULL = YES;
				CLANG_CXX_LANGUAGE_STANDARD = "gnu++0x";
				CLANG_CXX_LIBRARY = "libc++";
				CLANG_ENABLE_MODULES = YES;
				CLANG_ENABLE_OBJC_ARC = YES;
				CLANG_WARN_BOOL_CONVERSION = YES;
				CLANG_WARN_CONSTANT_CONVERSION = YES;
				CLANG_WARN_DIRECT_OBJC_ISA_USAGE = YES_ERROR;
				CLANG_WARN_DOCUMENTATION_COMMENTS = YES;
				CLANG_WARN_EMPTY_BODY = YES;
				CLANG_WARN_ENUM_CONVERSION = YES;
				CLANG_WARN_INFINITE_RECURSION = YES;
				CLANG_WARN_INT_CONVERSION = YES;
				CLANG_WARN_OBJC_ROOT_CLASS = YES_ERROR;
				CLANG_WARN_SUSPICIOUS_MOVES = YES;
				CLANG_WARN_UNREACHABLE_CODE = YES;
				CLANG_WARN__DUPLICATE_METHOD_MATCH = YES;
				"CODE_SIGN_IDENTITY[sdk=iphoneos*]" = "iPhone Developer";
				COPY_PHASE_STRIP = NO;
				DEBUG_INFORMATION_FORMAT = dwarf;
				ENABLE_STRICT_OBJC_MSGSEND = YES;
				ENABLE_TESTABILITY = YES;
				GCC_C_LANGUAGE_STANDARD = gnu99;
				GCC_DYNAMIC_NO_PIC = NO;
				GCC_NO_COMMON_BLOCKS = YES;
				GCC_OPTIMIZATION_LEVEL = 0;
				GCC_PREPROCESSOR_DEFINITIONS = (
					"DEBUG=1",
					"$(inherited)",
				);
				GCC_WARN_64_TO_32_BIT_CONVERSION = YES;
				GCC_WARN_ABOUT_RETURN_TYPE = YES_ERROR;
				GCC_WARN_UNDECLARED_SELECTOR = YES;
				GCC_WARN_UNINITIALIZED_AUTOS = YES_AGGRESSIVE;
				GCC_WARN_UNUSED_FUNCTION = YES;
				GCC_WARN_UNUSED_VARIABLE = YES;
				IPHONEOS_DEPLOYMENT_TARGET = 10.0;
				MTL_ENABLE_DEBUG_INFO = YES;
				ONLY_ACTIVE_ARCH = YES;
				SDKROOT = iphoneos;
				SWIFT_ACTIVE_COMPILATION_CONDITIONS = DEBUG;
				SWIFT_OPTIMIZATION_LEVEL = "-Onone";
			};
			name = Debug;
		};
		265ED5201E110A40002BFE96 /* Release */ = {
			isa = XCBuildConfiguration;
			buildSettings = {
				ALWAYS_SEARCH_USER_PATHS = NO;
				CLANG_ANALYZER_NONNULL = YES;
				CLANG_CXX_LANGUAGE_STANDARD = "gnu++0x";
				CLANG_CXX_LIBRARY = "libc++";
				CLANG_ENABLE_MODULES = YES;
				CLANG_ENABLE_OBJC_ARC = YES;
				CLANG_WARN_BOOL_CONVERSION = YES;
				CLANG_WARN_CONSTANT_CONVERSION = YES;
				CLANG_WARN_DIRECT_OBJC_ISA_USAGE = YES_ERROR;
				CLANG_WARN_DOCUMENTATION_COMMENTS = YES;
				CLANG_WARN_EMPTY_BODY = YES;
				CLANG_WARN_ENUM_CONVERSION = YES;
				CLANG_WARN_INFINITE_RECURSION = YES;
				CLANG_WARN_INT_CONVERSION = YES;
				CLANG_WARN_OBJC_ROOT_CLASS = YES_ERROR;
				CLANG_WARN_SUSPICIOUS_MOVES = YES;
				CLANG_WARN_UNREACHABLE_CODE = YES;
				CLANG_WARN__DUPLICATE_METHOD_MATCH = YES;
				"CODE_SIGN_IDENTITY[sdk=iphoneos*]" = "iPhone Developer";
				COPY_PHASE_STRIP = NO;
				DEBUG_INFORMATION_FORMAT = "dwarf-with-dsym";
				ENABLE_NS_ASSERTIONS = NO;
				ENABLE_STRICT_OBJC_MSGSEND = YES;
				GCC_C_LANGUAGE_STANDARD = gnu99;
				GCC_NO_COMMON_BLOCKS = YES;
				GCC_WARN_64_TO_32_BIT_CONVERSION = YES;
				GCC_WARN_ABOUT_RETURN_TYPE = YES_ERROR;
				GCC_WARN_UNDECLARED_SELECTOR = YES;
				GCC_WARN_UNINITIALIZED_AUTOS = YES_AGGRESSIVE;
				GCC_WARN_UNUSED_FUNCTION = YES;
				GCC_WARN_UNUSED_VARIABLE = YES;
				IPHONEOS_DEPLOYMENT_TARGET = 10.0;
				MTL_ENABLE_DEBUG_INFO = NO;
				SDKROOT = iphoneos;
				SWIFT_OPTIMIZATION_LEVEL = "-Owholemodule";
				VALIDATE_PRODUCT = YES;
			};
			name = Release;
		};
		265ED5221E110A40002BFE96 /* Debug */ = {
			isa = XCBuildConfiguration;
			baseConfigurationReference = B54FE91132F1524BC49CCE8A /* Pods-Eventure.debug.xcconfig */;
			buildSettings = {
				ASSETCATALOG_COMPILER_APPICON_NAME = AppIcon;
				INFOPLIST_FILE = Eventure/Info.plist;
				LD_RUNPATH_SEARCH_PATHS = "$(inherited) @executable_path/Frameworks";
				PRODUCT_BUNDLE_IDENTIFIER = kz.iitu.Eventure;
				PRODUCT_NAME = "$(TARGET_NAME)";
				REEXPORTED_FRAMEWORK_NAMES = "";
				SWIFT_VERSION = 3.0;
			};
			name = Debug;
		};
		265ED5231E110A40002BFE96 /* Release */ = {
			isa = XCBuildConfiguration;
			baseConfigurationReference = BFA310928EB0D7AC46EADEFE /* Pods-Eventure.release.xcconfig */;
			buildSettings = {
				ASSETCATALOG_COMPILER_APPICON_NAME = AppIcon;
				INFOPLIST_FILE = Eventure/Info.plist;
				LD_RUNPATH_SEARCH_PATHS = "$(inherited) @executable_path/Frameworks";
				PRODUCT_BUNDLE_IDENTIFIER = kz.iitu.Eventure;
				PRODUCT_NAME = "$(TARGET_NAME)";
				REEXPORTED_FRAMEWORK_NAMES = "";
				SWIFT_VERSION = 3.0;
			};
			name = Release;
		};
/* End XCBuildConfiguration section */

/* Begin XCConfigurationList section */
		265ED50A1E110A3F002BFE96 /* Build configuration list for PBXProject "Eventure" */ = {
			isa = XCConfigurationList;
			buildConfigurations = (
				265ED51F1E110A40002BFE96 /* Debug */,
				265ED5201E110A40002BFE96 /* Release */,
			);
			defaultConfigurationIsVisible = 0;
			defaultConfigurationName = Release;
		};
		265ED5211E110A40002BFE96 /* Build configuration list for PBXNativeTarget "Eventure" */ = {
			isa = XCConfigurationList;
			buildConfigurations = (
				265ED5221E110A40002BFE96 /* Debug */,
				265ED5231E110A40002BFE96 /* Release */,
			);
			defaultConfigurationIsVisible = 0;
			defaultConfigurationName = Release;
		};
/* End XCConfigurationList section */
	};
	rootObject = 265ED5071E110A3F002BFE96 /* Project object */;
}
